
Microsoft Visual Studio Solution File, Format Version 12.00
# Visual Studio Version 16
VisualStudioVersion = 16.0.31624.102
MinimumVisualStudioVersion = 10.0.40219.1
Project("{FAE04EC0-301F-11D3-BF4B-00C04F79EFBC}") = "Megapolisz", "Megapolisz\Megapolisz.csproj", "{84060203-37E1-4DAC-969F-D45C4C82201D}"
EndProject
Global
	GlobalSection(SolutionConfigurationPlatforms) = preSolution
		Debug|Any CPU = Debug|Any CPU
		Release|Any CPU = Release|Any CPU
	EndGlobalSection
	GlobalSection(ProjectConfigurationPlatforms) = postSolution
		{84060203-37E1-4DAC-969F-D45C4C82201D}.Debug|Any CPU.ActiveCfg = Debug|Any CPU
		{84060203-37E1-4DAC-969F-D45C4C82201D}.Debug|Any CPU.Build.0 = Debug|Any CPU
		{84060203-37E1-4DAC-969F-D45C4C82201D}.Release|Any CPU.ActiveCfg = Release|Any CPU
		{84060203-37E1-4DAC-969F-D45C4C82201D}.Release|Any CPU.Build.0 = Release|Any CPU
	EndGlobalSection
	GlobalSection(SolutionProperties) = preSolution
		HideSolutionNode = FALSE
	EndGlobalSection
	GlobalSection(ExtensibilityGlobals) = postSolution
		SolutionGuid = {C9E32075-D55D-49FC-9486-E4782F5097FB}
	EndGlobalSection
EndGlobal
