
Microsoft Visual Studio Solution File, Format Version 12.00
# Visual Studio Version 16
VisualStudioVersion = 16.0.31624.102
MinimumVisualStudioVersion = 10.0.40219.1
Project("{FAE04EC0-301F-11D3-BF4B-00C04F79EFBC}") = "WpfSuliGui", "WpfSuliGui\WpfSuliGui.csproj", "{1E8E7312-D185-4EB3-84DD-32CFCB6B489D}"
EndProject
Global
	GlobalSection(SolutionConfigurationPlatforms) = preSolution
		Debug|Any CPU = Debug|Any CPU
		Release|Any CPU = Release|Any CPU
	EndGlobalSection
	GlobalSection(ProjectConfigurationPlatforms) = postSolution
		{1E8E7312-D185-4EB3-84DD-32CFCB6B489D}.Debug|Any CPU.ActiveCfg = Debug|Any CPU
		{1E8E7312-D185-4EB3-84DD-32CFCB6B489D}.Debug|Any CPU.Build.0 = Debug|Any CPU
		{1E8E7312-D185-4EB3-84DD-32CFCB6B489D}.Release|Any CPU.ActiveCfg = Release|Any CPU
		{1E8E7312-D185-4EB3-84DD-32CFCB6B489D}.Release|Any CPU.Build.0 = Release|Any CPU
	EndGlobalSection
	GlobalSection(SolutionProperties) = preSolution
		HideSolutionNode = FALSE
	EndGlobalSection
	GlobalSection(ExtensibilityGlobals) = postSolution
		SolutionGuid = {44E747BD-02B6-470C-9344-C5CA371C1076}
	EndGlobalSection
EndGlobal
